
Microsoft Visual Studio Solution File, Format Version 12.00
# Visual Studio Version 17
VisualStudioVersion = 17.4.33122.133
MinimumVisualStudioVersion = 10.0.40219.1
Project("{FAE04EC0-301F-11D3-BF4B-00C04F79EFBC}") = "QuizAPI", "QuizAPI\QuizAPI.csproj", "{8C0F0446-540F-4B6C-9089-5A69A5C828C8}"
EndProject
Global
	GlobalSection(SolutionConfigurationPlatforms) = preSolution
		Debug|Any CPU = Debug|Any CPU
		Release|Any CPU = Release|Any CPU
	EndGlobalSection
	GlobalSection(ProjectConfigurationPlatforms) = postSolution
		{8C0F0446-540F-4B6C-9089-5A69A5C828C8}.Debug|Any CPU.ActiveCfg = Debug|Any CPU
		{8C0F0446-540F-4B6C-9089-5A69A5C828C8}.Debug|Any CPU.Build.0 = Debug|Any CPU
		{8C0F0446-540F-4B6C-9089-5A69A5C828C8}.Release|Any CPU.ActiveCfg = Release|Any CPU
		{8C0F0446-540F-4B6C-9089-5A69A5C828C8}.Release|Any CPU.Build.0 = Release|Any CPU
	EndGlobalSection
	GlobalSection(SolutionProperties) = preSolution
		HideSolutionNode = FALSE
	EndGlobalSection
	GlobalSection(ExtensibilityGlobals) = postSolution
		SolutionGuid = {AC6AF5C6-4CAC-4BF6-A6E8-286084E549D6}
	EndGlobalSection
EndGlobal
